
Microsoft Visual Studio Solution File, Format Version 12.00
# Visual Studio Version 16
VisualStudioVersion = 16.0.29926.136
MinimumVisualStudioVersion = 10.0.40219.1
Project("{FAE04EC0-301F-11D3-BF4B-00C04F79EFBC}") = "SmartNewsDemo.Android", "SmartNewsDemo.Android\SmartNewsDemo.Android.csproj", "{AF8D2CD4-FFCE-4383-8CFF-60C5BED77DCB}"
EndProject
Project("{FAE04EC0-301F-11D3-BF4B-00C04F79EFBC}") = "SmartNewsDemo.iOS", "SmartNewsDemo.iOS\SmartNewsDemo.iOS.csproj", "{21855BD9-8FBB-4B55-BE8F-F244EDEF1328}"
EndProject
Project("{FAE04EC0-301F-11D3-BF4B-00C04F79EFBC}") = "SmartNewsDemo", "SmartNewsDemo\SmartNewsDemo.csproj", "{EE5A2F03-0E5B-4675-9E40-7ECFD70207F3}"
EndProject
Global
	GlobalSection(SolutionConfigurationPlatforms) = preSolution
		Debug|Any CPU = Debug|Any CPU
		Debug|iPhone = Debug|iPhone
		Debug|iPhoneSimulator = Debug|iPhoneSimulator
		Release|Any CPU = Release|Any CPU
		Release|iPhone = Release|iPhone
		Release|iPhoneSimulator = Release|iPhoneSimulator
	EndGlobalSection
	GlobalSection(ProjectConfigurationPlatforms) = postSolution
		{AF8D2CD4-FFCE-4383-8CFF-60C5BED77DCB}.Debug|Any CPU.ActiveCfg = Debug|Any CPU
		{AF8D2CD4-FFCE-4383-8CFF-60C5BED77DCB}.Debug|Any CPU.Build.0 = Debug|Any CPU
		{AF8D2CD4-FFCE-4383-8CFF-60C5BED77DCB}.Debug|Any CPU.Deploy.0 = Debug|Any CPU
		{AF8D2CD4-FFCE-4383-8CFF-60C5BED77DCB}.Debug|iPhone.ActiveCfg = Debug|Any CPU
		{AF8D2CD4-FFCE-4383-8CFF-60C5BED77DCB}.Debug|iPhone.Build.0 = Debug|Any CPU
		{AF8D2CD4-FFCE-4383-8CFF-60C5BED77DCB}.Debug|iPhone.Deploy.0 = Debug|Any CPU
		{AF8D2CD4-FFCE-4383-8CFF-60C5BED77DCB}.Debug|iPhoneSimulator.ActiveCfg = Debug|Any CPU
		{AF8D2CD4-FFCE-4383-8CFF-60C5BED77DCB}.Debug|iPhoneSimulator.Build.0 = Debug|Any CPU
		{AF8D2CD4-FFCE-4383-8CFF-60C5BED77DCB}.Debug|iPhoneSimulator.Deploy.0 = Debug|Any CPU
		{AF8D2CD4-FFCE-4383-8CFF-60C5BED77DCB}.Release|Any CPU.ActiveCfg = Release|Any CPU
		{AF8D2CD4-FFCE-4383-8CFF-60C5BED77DCB}.Release|Any CPU.Build.0 = Release|Any CPU
		{AF8D2CD4-FFCE-4383-8CFF-60C5BED77DCB}.Release|Any CPU.Deploy.0 = Release|Any CPU
		{AF8D2CD4-FFCE-4383-8CFF-60C5BED77DCB}.Release|iPhone.ActiveCfg = Release|Any CPU
		{AF8D2CD4-FFCE-4383-8CFF-60C5BED77DCB}.Release|iPhone.Build.0 = Release|Any CPU
		{AF8D2CD4-FFCE-4383-8CFF-60C5BED77DCB}.Release|iPhone.Deploy.0 = Release|Any CPU
		{AF8D2CD4-FFCE-4383-8CFF-60C5BED77DCB}.Release|iPhoneSimulator.ActiveCfg = Release|Any CPU
		{AF8D2CD4-FFCE-4383-8CFF-60C5BED77DCB}.Release|iPhoneSimulator.Build.0 = Release|Any CPU
		{AF8D2CD4-FFCE-4383-8CFF-60C5BED77DCB}.Release|iPhoneSimulator.Deploy.0 = Release|Any CPU
		{21855BD9-8FBB-4B55-BE8F-F244EDEF1328}.Debug|Any CPU.ActiveCfg = Debug|iPhone
		{21855BD9-8FBB-4B55-BE8F-F244EDEF1328}.Debug|Any CPU.Build.0 = Debug|iPhone
		{21855BD9-8FBB-4B55-BE8F-F244EDEF1328}.Debug|Any CPU.Deploy.0 = Debug|iPhone
		{21855BD9-8FBB-4B55-BE8F-F244EDEF1328}.Debug|iPhone.ActiveCfg = Debug|iPhone
		{21855BD9-8FBB-4B55-BE8F-F244EDEF1328}.Debug|iPhone.Build.0 = Debug|iPhone
		{21855BD9-8FBB-4B55-BE8F-F244EDEF1328}.Debug|iPhone.Deploy.0 = Debug|iPhone
		{21855BD9-8FBB-4B55-BE8F-F244EDEF1328}.Debug|iPhoneSimulator.ActiveCfg = Debug|iPhoneSimulator
		{21855BD9-8FBB-4B55-BE8F-F244EDEF1328}.Debug|iPhoneSimulator.Build.0 = Debug|iPhoneSimulator
		{21855BD9-8FBB-4B55-BE8F-F244EDEF1328}.Debug|iPhoneSimulator.Deploy.0 = Debug|iPhoneSimulator
		{21855BD9-8FBB-4B55-BE8F-F244EDEF1328}.Release|Any CPU.ActiveCfg = Release|iPhone
		{21855BD9-8FBB-4B55-BE8F-F244EDEF1328}.Release|Any CPU.Build.0 = Release|iPhone
		{21855BD9-8FBB-4B55-BE8F-F244EDEF1328}.Release|Any CPU.Deploy.0 = Release|iPhone
		{21855BD9-8FBB-4B55-BE8F-F244EDEF1328}.Release|iPhone.ActiveCfg = Release|iPhone
		{21855BD9-8FBB-4B55-BE8F-F244EDEF1328}.Release|iPhone.Build.0 = Release|iPhone
		{21855BD9-8FBB-4B55-BE8F-F244EDEF1328}.Release|iPhone.Deploy.0 = Release|iPhone
		{21855BD9-8FBB-4B55-BE8F-F244EDEF1328}.Release|iPhoneSimulator.ActiveCfg = Release|iPhoneSimulator
		{21855BD9-8FBB-4B55-BE8F-F244EDEF1328}.Release|iPhoneSimulator.Build.0 = Release|iPhoneSimulator
		{21855BD9-8FBB-4B55-BE8F-F244EDEF1328}.Release|iPhoneSimulator.Deploy.0 = Release|iPhoneSimulator
		{EE5A2F03-0E5B-4675-9E40-7ECFD70207F3}.Debug|Any CPU.ActiveCfg = Debug|Any CPU
		{EE5A2F03-0E5B-4675-9E40-7ECFD70207F3}.Debug|Any CPU.Build.0 = Debug|Any CPU
		{EE5A2F03-0E5B-4675-9E40-7ECFD70207F3}.Debug|Any CPU.Deploy.0 = Debug|Any CPU
		{EE5A2F03-0E5B-4675-9E40-7ECFD70207F3}.Debug|iPhone.ActiveCfg = Debug|Any CPU
		{EE5A2F03-0E5B-4675-9E40-7ECFD70207F3}.Debug|iPhone.Build.0 = Debug|Any CPU
		{EE5A2F03-0E5B-4675-9E40-7ECFD70207F3}.Debug|iPhone.Deploy.0 = Debug|Any CPU
		{EE5A2F03-0E5B-4675-9E40-7ECFD70207F3}.Debug|iPhoneSimulator.ActiveCfg = Debug|Any CPU
		{EE5A2F03-0E5B-4675-9E40-7ECFD70207F3}.Debug|iPhoneSimulator.Build.0 = Debug|Any CPU
		{EE5A2F03-0E5B-4675-9E40-7ECFD70207F3}.Debug|iPhoneSimulator.Deploy.0 = Debug|Any CPU
		{EE5A2F03-0E5B-4675-9E40-7ECFD70207F3}.Release|Any CPU.ActiveCfg = Release|Any CPU
		{EE5A2F03-0E5B-4675-9E40-7ECFD70207F3}.Release|Any CPU.Build.0 = Release|Any CPU
		{EE5A2F03-0E5B-4675-9E40-7ECFD70207F3}.Release|Any CPU.Deploy.0 = Release|Any CPU
		{EE5A2F03-0E5B-4675-9E40-7ECFD70207F3}.Release|iPhone.ActiveCfg = Release|Any CPU
		{EE5A2F03-0E5B-4675-9E40-7ECFD70207F3}.Release|iPhone.Build.0 = Release|Any CPU
		{EE5A2F03-0E5B-4675-9E40-7ECFD70207F3}.Release|iPhone.Deploy.0 = Release|Any CPU
		{EE5A2F03-0E5B-4675-9E40-7ECFD70207F3}.Release|iPhoneSimulator.ActiveCfg = Release|Any CPU
		{EE5A2F03-0E5B-4675-9E40-7ECFD70207F3}.Release|iPhoneSimulator.Build.0 = Release|Any CPU
		{EE5A2F03-0E5B-4675-9E40-7ECFD70207F3}.Release|iPhoneSimulator.Deploy.0 = Release|Any CPU
	EndGlobalSection
	GlobalSection(SolutionProperties) = preSolution
		HideSolutionNode = FALSE
	EndGlobalSection
	GlobalSection(ExtensibilityGlobals) = postSolution
		SolutionGuid = {7FAB10A7-D0A0-434D-B3FE-D19E22CA6610}
	EndGlobalSection
EndGlobal
